
Microsoft Visual Studio Solution File, Format Version 12.00
# Visual Studio Version 16
VisualStudioVersion = 16.0.31129.286
MinimumVisualStudioVersion = 10.0.40219.1
Project("{151D2E53-A2C4-4D7D-83FE-D05416EBD58E}") = "Calicot-IaC", ".\Calicot-IaC\Calicot-IaC.deployproj", "{91B73F60-AECF-4FBE-8B4C-138C9743BB51}"
EndProject
Global
	GlobalSection(SolutionConfigurationPlatforms) = preSolution
		Debug|Any CPU = Debug|Any CPU
		Release|Any CPU = Release|Any CPU
	EndGlobalSection
	GlobalSection(ProjectConfigurationPlatforms) = postSolution
		{91B73F60-AECF-4FBE-8B4C-138C9743BB51}.Debug|Any CPU.ActiveCfg = Debug|Any CPU
		{91B73F60-AECF-4FBE-8B4C-138C9743BB51}.Debug|Any CPU.Build.0 = Debug|Any CPU
		{91B73F60-AECF-4FBE-8B4C-138C9743BB51}.Release|Any CPU.ActiveCfg = Release|Any CPU
		{91B73F60-AECF-4FBE-8B4C-138C9743BB51}.Release|Any CPU.Build.0 = Release|Any CPU
	EndGlobalSection
	GlobalSection(SolutionProperties) = preSolution
		HideSolutionNode = FALSE
	EndGlobalSection
	GlobalSection(ExtensibilityGlobals) = postSolution
		SolutionGuid = {0A2EBF0D-4D44-46A0-9E70-E6BC0EBB6295}
	EndGlobalSection
EndGlobal
